
Microsoft Visual Studio Solution File, Format Version 12.00
# Visual Studio Version 17
VisualStudioVersion = 17.9.34622.214
MinimumVisualStudioVersion = 10.0.40219.1
Project("{FAE04EC0-301F-11D3-BF4B-00C04F79EFBC}") = "SmartTruckApi.Domain", "..\SmartTruckApi.Domain\SmartTruckApi.Domain.csproj", "{35FAE308-BED7-4A18-BEBD-37AA091CE563}"
EndProject
Project("{FAE04EC0-301F-11D3-BF4B-00C04F79EFBC}") = "SmartTruckApi.Application", "..\SmartTruckApi.Application\SmartTruckApi.Application.csproj", "{0AE20B20-4806-45BF-921F-71F836483688}"
EndProject
Project("{FAE04EC0-301F-11D3-BF4B-00C04F79EFBC}") = "SmartTruckApi.Infrastructure", "..\SmartTruckApi.Infrastructure\SmartTruckApi.Infrastructure.csproj", "{DA6F3E78-F7B8-46C3-941D-64AD38C3FDD3}"
EndProject
Project("{FAE04EC0-301F-11D3-BF4B-00C04F79EFBC}") = "SmartTruckApi.Persistance", "..\SmartTruckApi.Persistance\SmartTruckApi.Persistance.csproj", "{DD06114A-F7D0-4D4C-8FC6-79B2680358EB}"
EndProject
Project("{FAE04EC0-301F-11D3-BF4B-00C04F79EFBC}") = "SmartTruckApi.Api", "..\SmartTruckApi.Api\SmartTruckApi.Api.csproj", "{F59FB58E-37A0-4F83-A8F6-ABACADECA9CE}"
EndProject
Global
	GlobalSection(SolutionConfigurationPlatforms) = preSolution
		Debug|Any CPU = Debug|Any CPU
		Release|Any CPU = Release|Any CPU
	EndGlobalSection
	GlobalSection(ProjectConfigurationPlatforms) = postSolution
		{35FAE308-BED7-4A18-BEBD-37AA091CE563}.Debug|Any CPU.ActiveCfg = Debug|Any CPU
		{35FAE308-BED7-4A18-BEBD-37AA091CE563}.Debug|Any CPU.Build.0 = Debug|Any CPU
		{35FAE308-BED7-4A18-BEBD-37AA091CE563}.Release|Any CPU.ActiveCfg = Release|Any CPU
		{35FAE308-BED7-4A18-BEBD-37AA091CE563}.Release|Any CPU.Build.0 = Release|Any CPU
		{0AE20B20-4806-45BF-921F-71F836483688}.Debug|Any CPU.ActiveCfg = Debug|Any CPU
		{0AE20B20-4806-45BF-921F-71F836483688}.Debug|Any CPU.Build.0 = Debug|Any CPU
		{0AE20B20-4806-45BF-921F-71F836483688}.Release|Any CPU.ActiveCfg = Release|Any CPU
		{0AE20B20-4806-45BF-921F-71F836483688}.Release|Any CPU.Build.0 = Release|Any CPU
		{DA6F3E78-F7B8-46C3-941D-64AD38C3FDD3}.Debug|Any CPU.ActiveCfg = Debug|Any CPU
		{DA6F3E78-F7B8-46C3-941D-64AD38C3FDD3}.Debug|Any CPU.Build.0 = Debug|Any CPU
		{DA6F3E78-F7B8-46C3-941D-64AD38C3FDD3}.Release|Any CPU.ActiveCfg = Release|Any CPU
		{DA6F3E78-F7B8-46C3-941D-64AD38C3FDD3}.Release|Any CPU.Build.0 = Release|Any CPU
		{DD06114A-F7D0-4D4C-8FC6-79B2680358EB}.Debug|Any CPU.ActiveCfg = Debug|Any CPU
		{DD06114A-F7D0-4D4C-8FC6-79B2680358EB}.Debug|Any CPU.Build.0 = Debug|Any CPU
		{DD06114A-F7D0-4D4C-8FC6-79B2680358EB}.Release|Any CPU.ActiveCfg = Release|Any CPU
		{DD06114A-F7D0-4D4C-8FC6-79B2680358EB}.Release|Any CPU.Build.0 = Release|Any CPU
		{F59FB58E-37A0-4F83-A8F6-ABACADECA9CE}.Debug|Any CPU.ActiveCfg = Debug|Any CPU
		{F59FB58E-37A0-4F83-A8F6-ABACADECA9CE}.Debug|Any CPU.Build.0 = Debug|Any CPU
		{F59FB58E-37A0-4F83-A8F6-ABACADECA9CE}.Release|Any CPU.ActiveCfg = Release|Any CPU
		{F59FB58E-37A0-4F83-A8F6-ABACADECA9CE}.Release|Any CPU.Build.0 = Release|Any CPU
	EndGlobalSection
	GlobalSection(SolutionProperties) = preSolution
		HideSolutionNode = FALSE
	EndGlobalSection
	GlobalSection(ExtensibilityGlobals) = postSolution
		SolutionGuid = {28E9623B-9C05-495F-977A-B9B27037773F}
	EndGlobalSection
EndGlobal
